{
    "_readme": [
        "This file locks the dependencies of your project to a known state",
        "Read more about it at https://getcomposer.org/doc/01-basic-usage.md#installing-dependencies",
        "This file is @generated automatically"
    ],
    "content-hash": "0cedf2e75d17c59c039abc3d5eea130a",
    "packages": [
        {
            "name": "jc21/clitable",
            "version": "1.2",
            "source": {
                "type": "git",
                "url": "https://github.com/jc21/clitable.git",
                "reference": "a9ff1fcdff131d25e90a9ae839a5805f6963b3da"
            },
            "dist": {
                "type": "zip",
                "url": "https://api.github.com/repos/jc21/clitable/zipball/a9ff1fcdff131d25e90a9ae839a5805f6963b3da",
                "reference": "a9ff1fcdff131d25e90a9ae839a5805f6963b3da",
                "shasum": ""
            },
            "require": {
                "php": ">=5.3.0"
            },
            "require-dev": {
                "victorjonsson/markdowndocs": "dev-master"
            },
            "type": "library",
            "autoload": {
                "psr-0": {
                    "jc21": "src"
                }
            },
            "notification-url": "https://packagist.org/downloads/",
            "license": [
                "BSD-1-Clause"
            ],
            "authors": [
                {
                    "name": "Jamie Curnow",
                    "email": "jc@jc21.com"
                }
            ],
            "description": "CLI Table output for PHP scripts",
            "homepage": "https://github.com/jc21/clitable",
            "keywords": [
                "cli",
                "command",
                "line",
                "table"
            ],
            "time": "2019-04-28T00:06:48+00:00"
        },
        {
            "name": "utopia-php/cli",
            "version": "0.7.1",
            "source": {
                "type": "git",
                "url": "https://github.com/utopia-php/cli.git",
                "reference": "97e6e027a8d6fa752815acae984ed48daa76a5e8"
            },
            "dist": {
                "type": "zip",
                "url": "https://api.github.com/repos/utopia-php/cli/zipball/97e6e027a8d6fa752815acae984ed48daa76a5e8",
                "reference": "97e6e027a8d6fa752815acae984ed48daa76a5e8",
                "shasum": ""
            },
            "require": {
                "php": ">=7.1",
                "utopia-php/framework": "0.*.*"
            },
            "require-dev": {
                "phpunit/phpunit": "^7.0"
            },
            "type": "library",
            "autoload": {
                "psr-4": {
                    "Utopia\\CLI\\": "src/CLI"
                }
            },
            "notification-url": "https://packagist.org/downloads/",
            "license": [
                "MIT"
            ],
            "authors": [
                {
                    "name": "Eldad Fux",
                    "email": "eldad@appwrite.io"
                }
            ],
            "description": "A simple CLI library to manage command line applications",
            "keywords": [
                "cli",
                "command line",
                "framework",
                "php",
                "upf",
                "utopia"
            ],
            "time": "2020-09-15T19:57:49+00:00"
        },
        {
            "name": "utopia-php/framework",
            "version": "0.9.1",
            "source": {
                "type": "git",
                "url": "https://github.com/utopia-php/framework.git",
                "reference": "1c33b92b9188fb11b2ae70a4b7cf51844e07aa2e"
            },
            "dist": {
                "type": "zip",
                "url": "https://api.github.com/repos/utopia-php/framework/zipball/1c33b92b9188fb11b2ae70a4b7cf51844e07aa2e",
                "reference": "1c33b92b9188fb11b2ae70a4b7cf51844e07aa2e",
                "shasum": ""
            },
            "require": {
                "php": ">=7.0.0"
            },
            "require-dev": {
                "phpunit/phpunit": "^7.0"
            },
            "type": "library",
            "autoload": {
                "psr-4": {
                    "Utopia\\": "src/"
                }
            },
            "notification-url": "https://packagist.org/downloads/",
            "license": [
                "MIT"
            ],
            "authors": [
                {
                    "name": "Eldad Fux",
                    "email": "eldad@appwrite.io"
                }
            ],
            "description": "A simple, light and advanced PHP framework",
            "keywords": [
                "framework",
                "php",
                "upf"
            ],
            "time": "2020-09-09T19:50:26+00:00"
        }
    ],
    "packages-dev": [],
    "aliases": [],
    "minimum-stability": "stable",
    "stability-flags": [],
    "prefer-stable": false,
    "prefer-lowest": false,
    "platform": [],
    "platform-dev": [],
    "plugin-api-version": "1.1.0"
}
