{
    "_readme": [
        "This file locks the dependencies of your project to a known state",
        "Read more about it at https://getcomposer.org/doc/01-basic-usage.md#installing-dependencies",
        "This file is @generated automatically"
    ],
    "content-hash": "5d1311a8b197c05f80c549205714205e",
    "packages": [
        {
            "name": "jc21/clitable",
            "version": "1.2",
            "source": {
                "type": "git",
                "url": "https://github.com/jc21/clitable.git",
                "reference": "a9ff1fcdff131d25e90a9ae839a5805f6963b3da"
            },
            "dist": {
                "type": "zip",
                "url": "https://api.github.com/repos/jc21/clitable/zipball/a9ff1fcdff131d25e90a9ae839a5805f6963b3da",
                "reference": "a9ff1fcdff131d25e90a9ae839a5805f6963b3da",
                "shasum": ""
            },
            "require": {
                "php": ">=5.3.0"
            },
            "require-dev": {
                "victorjonsson/markdowndocs": "dev-master"
            },
            "type": "library",
            "autoload": {
                "psr-0": {
                    "jc21": "src"
                }
            },
            "notification-url": "https://packagist.org/downloads/",
            "license": [
                "BSD-1-Clause"
            ],
            "authors": [
                {
                    "name": "Jamie Curnow",
                    "email": "jc@jc21.com"
                }
            ],
            "description": "CLI Table output for PHP scripts",
            "homepage": "https://github.com/jc21/clitable",
            "keywords": [
                "cli",
                "command",
                "line",
                "table"
            ],
            "support": {
                "issues": "https://github.com/jc21/clitable/issues",
                "source": "https://github.com/jc21/clitable/tree/v1.2"
            },
            "time": "2019-04-28T00:06:48+00:00"
        },
        {
            "name": "utopia-php/cli",
            "version": "0.7.3",
            "source": {
                "type": "git",
                "url": "https://github.com/utopia-php/cli.git",
                "reference": "0337918242278e0cf98f8dcab2e75b5a3153b856"
            },
            "dist": {
                "type": "zip",
                "url": "https://api.github.com/repos/utopia-php/cli/zipball/0337918242278e0cf98f8dcab2e75b5a3153b856",
                "reference": "0337918242278e0cf98f8dcab2e75b5a3153b856",
                "shasum": ""
            },
            "require": {
                "php": ">=7.1",
                "utopia-php/framework": "0.*.*"
            },
            "require-dev": {
                "phpunit/phpunit": "^9.3",
                "vimeo/psalm": "4.0.1"
            },
            "type": "library",
            "autoload": {
                "psr-4": {
                    "Utopia\\CLI\\": "src/CLI"
                }
            },
            "notification-url": "https://packagist.org/downloads/",
            "license": [
                "MIT"
            ],
            "authors": [
                {
                    "name": "Eldad Fux",
                    "email": "eldad@appwrite.io"
                }
            ],
            "description": "A simple CLI library to manage command line applications",
            "keywords": [
                "cli",
                "command line",
                "framework",
                "php",
                "upf",
                "utopia"
            ],
            "support": {
                "issues": "https://github.com/utopia-php/cli/issues",
                "source": "https://github.com/utopia-php/cli/tree/0.7.3"
            },
            "time": "2020-11-02T07:50:18+00:00"
        },
        {
            "name": "utopia-php/framework",
            "version": "0.10.0",
            "source": {
                "type": "git",
                "url": "https://github.com/utopia-php/framework.git",
                "reference": "65909bdb24ef6b6c6751abfdea90caf96bbc6c50"
            },
            "dist": {
                "type": "zip",
                "url": "https://api.github.com/repos/utopia-php/framework/zipball/65909bdb24ef6b6c6751abfdea90caf96bbc6c50",
                "reference": "65909bdb24ef6b6c6751abfdea90caf96bbc6c50",
                "shasum": ""
            },
            "require": {
                "php": ">=7.3.0"
            },
            "require-dev": {
                "phpunit/phpunit": "^9.4",
                "vimeo/psalm": "4.0.1"
            },
            "type": "library",
            "autoload": {
                "psr-4": {
                    "Utopia\\": "src/"
                }
            },
            "notification-url": "https://packagist.org/downloads/",
            "license": [
                "MIT"
            ],
            "authors": [
                {
                    "name": "Eldad Fux",
                    "email": "eldad@appwrite.io"
                }
            ],
            "description": "A simple, light and advanced PHP framework",
            "keywords": [
                "framework",
                "php",
                "upf"
            ],
            "support": {
                "issues": "https://github.com/utopia-php/framework/issues",
                "source": "https://github.com/utopia-php/framework/tree/0.10.0"
            },
            "time": "2020-12-26T12:02:39+00:00"
        }
    ],
    "packages-dev": [],
    "aliases": [],
    "minimum-stability": "stable",
    "stability-flags": [],
    "prefer-stable": false,
    "prefer-lowest": false,
    "platform": {
        "php": ">=7.4.0"
    },
    "platform-dev": [],
    "plugin-api-version": "2.0.0"
}
